
Microsoft Visual Studio Solution File, Format Version 12.00
# Visual Studio Version 17
VisualStudioVersion = 17.14.36603.0 d17.14
MinimumVisualStudioVersion = 10.0.40219.1
Project("{FAE04EC0-301F-11D3-BF4B-00C04F79EFBC}") = "bankapplication", "bankapplication\bankapplication.csproj", "{61AEEB49-216A-49F6-A525-601B77717041}"
EndProject
Global
	GlobalSection(SolutionConfigurationPlatforms) = preSolution
		Debug|Any CPU = Debug|Any CPU
		Release|Any CPU = Release|Any CPU
	EndGlobalSection
	GlobalSection(ProjectConfigurationPlatforms) = postSolution
		{61AEEB49-216A-49F6-A525-601B77717041}.Debug|Any CPU.ActiveCfg = Debug|Any CPU
		{61AEEB49-216A-49F6-A525-601B77717041}.Debug|Any CPU.Build.0 = Debug|Any CPU
		{61AEEB49-216A-49F6-A525-601B77717041}.Release|Any CPU.ActiveCfg = Release|Any CPU
		{61AEEB49-216A-49F6-A525-601B77717041}.Release|Any CPU.Build.0 = Release|Any CPU
	EndGlobalSection
	GlobalSection(SolutionProperties) = preSolution
		HideSolutionNode = FALSE
	EndGlobalSection
	GlobalSection(ExtensibilityGlobals) = postSolution
		SolutionGuid = {91E16988-1D92-489C-B5CA-A03DE073A5FE}
	EndGlobalSection
EndGlobal
